
Microsoft Visual Studio Solution File, Format Version 12.00
Project("{FAE04EC0-301F-11D3-BF4B-00C04F79EFBC}") = "SortLibrary", "SortLibrary\SortLibrary.csproj", "{BC720A2C-CFC0-41CD-84AE-28E00A29F04F}"
EndProject
Global
	GlobalSection(SolutionConfigurationPlatforms) = preSolution
		Debug|Any CPU = Debug|Any CPU
		Release|Any CPU = Release|Any CPU
	EndGlobalSection
	GlobalSection(ProjectConfigurationPlatforms) = postSolution
		{BC720A2C-CFC0-41CD-84AE-28E00A29F04F}.Debug|Any CPU.ActiveCfg = Debug|Any CPU
		{BC720A2C-CFC0-41CD-84AE-28E00A29F04F}.Debug|Any CPU.Build.0 = Debug|Any CPU
		{BC720A2C-CFC0-41CD-84AE-28E00A29F04F}.Release|Any CPU.ActiveCfg = Release|Any CPU
		{BC720A2C-CFC0-41CD-84AE-28E00A29F04F}.Release|Any CPU.Build.0 = Release|Any CPU
	EndGlobalSection
EndGlobal
